// !$*UTF8*$!
{
	archiveVersion = 1;
	classes = {
	};
	objectVersion = 77;
	objects = {

/* Begin PBXContainerItemProxy section */
		5CCEABA32EDD765A00EFE671 /* PBXContainerItemProxy */ = {
			isa = PBXContainerItemProxy;
			containerPortal = 5CCEAB8A2EDD765800EFE671 /* Project object */;
			proxyType = 1;
			remoteGlobalIDString = 5CCEAB912EDD765800EFE671;
			remoteInfo = Zhananfenxi;
		};
		5CCEABAD2EDD765A00EFE671 /* PBXContainerItemProxy */ = {
			isa = PBXContainerItemProxy;
			containerPortal = 5CCEAB8A2EDD765800EFE671 /* Project object */;
			proxyType = 1;
			remoteGlobalIDString = 5CCEAB912EDD765800EFE671;
			remoteInfo = Zhananfenxi;
		};
/* End PBXContainerItemProxy section */

/* Begin PBXFileReference section */
		5CCEAB922EDD765800EFE671 /* LoveStrategy.app */ = {isa = PBXFileReference; explicitFileType = wrapper.application; includeInIndex = 0; path = LoveStrategy.app; sourceTree = BUILT_PRODUCTS_DIR; };
		5CCEABA22EDD765A00EFE671 /* LoveStrategyTests.xctest */ = {isa = PBXFileReference; explicitFileType = wrapper.cfbundle; includeInIndex = 0; path = LoveStrategyTests.xctest; sourceTree = BUILT_PRODUCTS_DIR; };
		5CCEABAC2EDD765A00EFE671 /* LoveStrategyUITests.xctest */ = {isa = PBXFileReference; explicitFileType = wrapper.cfbundle; includeInIndex = 0; path = LoveStrategyUITests.xctest; sourceTree = BUILT_PRODUCTS_DIR; };
/* End PBXFileReference section */

/* Begin PBXFileSystemSynchronizedRootGroup section */
		5CCEAB942EDD765800EFE671 /* Zhananfenxi */ = {
			isa = PBXFileSystemSynchronizedRootGroup;
			path = Zhananfenxi;
			sourceTree = "<group>";
		};
		5CCEABA52EDD765A00EFE671 /* ZhananfenxiTests */ = {
			isa = PBXFileSystemSynchronizedRootGroup;
			path = ZhananfenxiTests;
			sourceTree = "<group>";
		};
		5CCEABAF2EDD765A00EFE671 /* ZhananfenxiUITests */ = {
			isa = PBXFileSystemSynchronizedRootGroup;
			path = ZhananfenxiUITests;
			sourceTree = "<group>";
		};
/* End PBXFileSystemSynchronizedRootGroup section */

/* Begin PBXFrameworksBuildPhase section */
		5CCEAB8F2EDD765800EFE671 /* Frameworks */ = {
			isa = PBXFrameworksBuildPhase;
			buildActionMask = 2147483647;
			files = (
			);
			runOnlyForDeploymentPostprocessing = 0;
		};
		5CCEAB9F2EDD765A00EFE671 /* Frameworks */ = {
			isa = PBXFrameworksBuildPhase;
			buildActionMask = 2147483647;
			files = (
			);
			runOnlyForDeploymentPostprocessing = 0;
		};
		5CCEABA92EDD765A00EFE671 /* Frameworks */ = {
			isa = PBXFrameworksBuildPhase;
			buildActionMask = 2147483647;
			files = (
			);
			runOnlyForDeploymentPostprocessing = 0;
		};
/* End PBXFrameworksBuildPhase section */

/* Begin PBXGroup section */
		5CCEAB892EDD765800EFE671 = {
			isa = PBXGroup;
			children = (
				5CCEAB942EDD765800EFE671 /* Zhananfenxi */,
				5CCEABA52EDD765A00EFE671 /* ZhananfenxiTests */,
				5CCEABAF2EDD765A00EFE671 /* ZhananfenxiUITests */,
				5CCEAB932EDD765800EFE671 /* Products */,
			);
			sourceTree = "<group>";
		};
		5CCEAB932EDD765800EFE671 /* Products */ = {
			isa = PBXGroup;
			children = (
				5CCEAB922EDD765800EFE671 /* LoveStrategy.app */,
				5CCEABA22EDD765A00EFE671 /* LoveStrategyTests.xctest */,
				5CCEABAC2EDD765A00EFE671 /* LoveStrategyUITests.xctest */,
			);
			name = Products;
			sourceTree = "<group>";
		};
/* End PBXGroup section */

/* Begin PBXNativeTarget section */
		5CCEAB912EDD765800EFE671 /* LoveStrategy */ = {
			isa = PBXNativeTarget;
			buildConfigurationList = 5CCEABB62EDD765A00EFE671 /* Build configuration list for PBXNativeTarget "LoveStrategy" */;
			buildPhases = (
				5CCEAB8E2EDD765800EFE671 /* Sources */,
				5CCEAB8F2EDD765800EFE671 /* Frameworks */,
				5CCEAB902EDD765800EFE671 /* Resources */,
			);
			buildRules = (
			);
			dependencies = (
			);
			fileSystemSynchronizedGroups = (
				5CCEAB942EDD765800EFE671 /* Zhananfenxi */,
			);
			name = LoveStrategy;
			packageProductDependencies = (
			);
			productName = Zhananfenxi;
			productReference = 5CCEAB922EDD765800EFE671 /* LoveStrategy.app */;
			productType = "com.apple.product-type.application";
		};
		5CCEABA12EDD765A00EFE671 /* LoveStrategyTests */ = {
			isa = PBXNativeTarget;
			buildConfigurationList = 5CCEABB92EDD765A00EFE671 /* Build configuration list for PBXNativeTarget "LoveStrategyTests" */;
			buildPhases = (
				5CCEAB9E2EDD765A00EFE671 /* Sources */,
				5CCEAB9F2EDD765A00EFE671 /* Frameworks */,
				5CCEABA02EDD765A00EFE671 /* Resources */,
			);
			buildRules = (
			);
			dependencies = (
				5CCEABA42EDD765A00EFE671 /* PBXTargetDependency */,
			);
			fileSystemSynchronizedGroups = (
				5CCEABA52EDD765A00EFE671 /* ZhananfenxiTests */,
			);
			name = LoveStrategyTests;
			packageProductDependencies = (
			);
			productName = ZhananfenxiTests;
			productReference = 5CCEABA22EDD765A00EFE671 /* LoveStrategyTests.xctest */;
			productType = "com.apple.product-type.bundle.unit-test";
		};
		5CCEABAB2EDD765A00EFE671 /* LoveStrategyUITests */ = {
			isa = PBXNativeTarget;
			buildConfigurationList = 5CCEABBC2EDD765A00EFE671 /* Build configuration list for PBXNativeTarget "LoveStrategyUITests" */;
			buildPhases = (
				5CCEABA82EDD765A00EFE671 /* Sources */,
				5CCEABA92EDD765A00EFE671 /* Frameworks */,
				5CCEABAA2EDD765A00EFE671 /* Resources */,
			);
			buildRules = (
			);
			dependencies = (
				5CCEABAE2EDD765A00EFE671 /* PBXTargetDependency */,
			);
			fileSystemSynchronizedGroups = (
				5CCEABAF2EDD765A00EFE671 /* ZhananfenxiUITests */,
			);
			name = LoveStrategyUITests;
			packageProductDependencies = (
			);
			productName = ZhananfenxiUITests;
			productReference = 5CCEABAC2EDD765A00EFE671 /* LoveStrategyUITests.xctest */;
			productType = "com.apple.product-type.bundle.ui-testing";
		};
/* End PBXNativeTarget section */

/* Begin PBXProject section */
		5CCEAB8A2EDD765800EFE671 /* Project object */ = {
			isa = PBXProject;
			attributes = {
				BuildIndependentTargetsInParallel = 1;
				LastSwiftUpdateCheck = 1620;
				LastUpgradeCheck = 1620;
				TargetAttributes = {
					5CCEAB912EDD765800EFE671 = {
						CreatedOnToolsVersion = 16.2;
					};
					5CCEABA12EDD765A00EFE671 = {
						CreatedOnToolsVersion = 16.2;
						TestTargetID = 5CCEAB912EDD765800EFE671;
					};
					5CCEABAB2EDD765A00EFE671 = {
						CreatedOnToolsVersion = 16.2;
						TestTargetID = 5CCEAB912EDD765800EFE671;
					};
				};
			};
			buildConfigurationList = 5CCEAB8D2EDD765800EFE671 /* Build configuration list for PBXProject "LoveStrategy" */;
			developmentRegion = en;
			hasScannedForEncodings = 0;
			knownRegions = (
				en,
				Base,
			);
			mainGroup = 5CCEAB892EDD765800EFE671;
			minimizedProjectReferenceProxies = 1;
			preferredProjectObjectVersion = 77;
			productRefGroup = 5CCEAB932EDD765800EFE671 /* Products */;
			projectDirPath = "";
			projectRoot = "";
			targets = (
				5CCEAB912EDD765800EFE671 /* LoveStrategy */,
				5CCEABA12EDD765A00EFE671 /* LoveStrategyTests */,
				5CCEABAB2EDD765A00EFE671 /* LoveStrategyUITests */,
			);
		};
/* End PBXProject section */

/* Begin PBXResourcesBuildPhase section */
		5CCEAB902EDD765800EFE671 /* Resources */ = {
			isa = PBXResourcesBuildPhase;
			buildActionMask = 2147483647;
			files = (
			);
			runOnlyForDeploymentPostprocessing = 0;
		};
		5CCEABA02EDD765A00EFE671 /* Resources */ = {
			isa = PBXResourcesBuildPhase;
			buildActionMask = 2147483647;
			files = (
			);
			runOnlyForDeploymentPostprocessing = 0;
		};
		5CCEABAA2EDD765A00EFE671 /* Resources */ = {
			isa = PBXResourcesBuildPhase;
			buildActionMask = 2147483647;
			files = (
			);
			runOnlyForDeploymentPostprocessing = 0;
		};
/* End PBXResourcesBuildPhase section */

/* Begin PBXSourcesBuildPhase section */
		5CCEAB8E2EDD765800EFE671 /* Sources */ = {
			isa = PBXSourcesBuildPhase;
			buildActionMask = 2147483647;
			files = (
			);
			runOnlyForDeploymentPostprocessing = 0;
		};
		5CCEAB9E2EDD765A00EFE671 /* Sources */ = {
			isa = PBXSourcesBuildPhase;
			buildActionMask = 2147483647;
			files = (
			);
			runOnlyForDeploymentPostprocessing = 0;
		};
		5CCEABA82EDD765A00EFE671 /* Sources */ = {
			isa = PBXSourcesBuildPhase;
			buildActionMask = 2147483647;
			files = (
			);
			runOnlyForDeploymentPostprocessing = 0;
		};
/* End PBXSourcesBuildPhase section */

/* Begin PBXTargetDependency section */
		5CCEABA42EDD765A00EFE671 /* PBXTargetDependency */ = {
			isa = PBXTargetDependency;
			target = 5CCEAB912EDD765800EFE671 /* LoveStrategy */;
			targetProxy = 5CCEABA32EDD765A00EFE671 /* PBXContainerItemProxy */;
		};
		5CCEABAE2EDD765A00EFE671 /* PBXTargetDependency */ = {
			isa = PBXTargetDependency;
			target = 5CCEAB912EDD765800EFE671 /* LoveStrategy */;
			targetProxy = 5CCEABAD2EDD765A00EFE671 /* PBXContainerItemProxy */;
		};
/* End PBXTargetDependency section */

/* Begin XCBuildConfiguration section */
		5CCEABB42EDD765A00EFE671 /* Debug */ = {
			isa = XCBuildConfiguration;
			buildSettings = {
				ALWAYS_SEARCH_USER_PATHS = NO;
				ASSETCATALOG_COMPILER_GENERATE_SWIFT_ASSET_SYMBOL_EXTENSIONS = YES;
				CLANG_ANALYZER_NONNULL = YES;
				CLANG_ANALYZER_NUMBER_OBJECT_CONVERSION = YES_AGGRESSIVE;
				CLANG_CXX_LANGUAGE_STANDARD = "gnu++20";
				CLANG_ENABLE_MODULES = YES;
				CLANG_ENABLE_OBJC_ARC = YES;
				CLANG_ENABLE_OBJC_WEAK = YES;
				CLANG_WARN_BLOCK_CAPTURE_AUTORELEASING = YES;
				CLANG_WARN_BOOL_CONVERSION = YES;
				CLANG_WARN_COMMA = YES;
				CLANG_WARN_CONSTANT_CONVERSION = YES;
				CLANG_WARN_DEPRECATED_OBJC_IMPLEMENTATIONS = YES;
				CLANG_WARN_DIRECT_OBJC_ISA_USAGE = YES_ERROR;
				CLANG_WARN_DOCUMENTATION_COMMENTS = YES;
				CLANG_WARN_EMPTY_BODY = YES;
				CLANG_WARN_ENUM_CONVERSION = YES;
				CLANG_WARN_INFINITE_RECURSION = YES;
				CLANG_WARN_INT_CONVERSION = YES;
				CLANG_WARN_NON_LITERAL_NULL_CONVERSION = YES;
				CLANG_WARN_OBJC_IMPLICIT_RETAIN_SELF = YES;
				CLANG_WARN_OBJC_LITERAL_CONVERSION = YES;
				CLANG_WARN_OBJC_ROOT_CLASS = YES_ERROR;
				CLANG_WARN_QUOTED_INCLUDE_IN_FRAMEWORK_HEADER = YES;
				CLANG_WARN_RANGE_LOOP_ANALYSIS = YES;
				CLANG_WARN_STRICT_PROTOTYPES = YES;
				CLANG_WARN_SUSPICIOUS_MOVE = YES;
				CLANG_WARN_UNGUARDED_AVAILABILITY = YES_AGGRESSIVE;
				CLANG_WARN_UNREACHABLE_CODE = YES;
				CLANG_WARN__DUPLICATE_METHOD_MATCH = YES;
				COPY_PHASE_STRIP = NO;
				DEBUG_INFORMATION_FORMAT = dwarf;
				ENABLE_STRICT_OBJC_MSGSEND = YES;
				ENABLE_TESTABILITY = YES;
				ENABLE_USER_SCRIPT_SANDBOXING = YES;
				GCC_C_LANGUAGE_STANDARD = gnu17;
				GCC_DYNAMIC_NO_PIC = NO;
				GCC_NO_COMMON_BLOCKS = YES;
				GCC_OPTIMIZATION_LEVEL = 0;
				GCC_PREPROCESSOR_DEFINITIONS = (
					"DEBUG=1",
					"$(inherited)",
				);
				GCC_WARN_64_TO_32_BIT_CONVERSION = YES;
				GCC_WARN_ABOUT_RETURN_TYPE = YES_ERROR;
				GCC_WARN_UNDECLARED_SELECTOR = YES;
				GCC_WARN_UNINITIALIZED_AUTOS = YES_AGGRESSIVE;
				GCC_WARN_UNUSED_FUNCTION = YES;
				GCC_WARN_UNUSED_VARIABLE = YES;
				IPHONEOS_DEPLOYMENT_TARGET = 18.2;
				LOCALIZATION_PREFERS_STRING_CATALOGS = YES;
				MTL_ENABLE_DEBUG_INFO = INCLUDE_SOURCE;
				MTL_FAST_MATH = YES;
				ONLY_ACTIVE_ARCH = YES;
				SDKROOT = iphoneos;
				SWIFT_ACTIVE_COMPILATION_CONDITIONS = "DEBUG $(inherited)";
				SWIFT_OPTIMIZATION_LEVEL = "-Onone";
			};
			name = Debug;
		};
		5CCEABB52EDD765A00EFE671 /* Release */ = {
			isa = XCBuildConfiguration;
			buildSettings = {
				ALWAYS_SEARCH_USER_PATHS = NO;
				ASSETCATALOG_COMPILER_GENERATE_SWIFT_ASSET_SYMBOL_EXTENSIONS = YES;
				CLANG_ANALYZER_NONNULL = YES;
				CLANG_ANALYZER_NUMBER_OBJECT_CONVERSION = YES_AGGRESSIVE;
				CLANG_CXX_LANGUAGE_STANDARD = "gnu++20";
				CLANG_ENABLE_MODULES = YES;
				CLANG_ENABLE_OBJC_ARC = YES;
				CLANG_ENABLE_OBJC_WEAK = YES;
				CLANG_WARN_BLOCK_CAPTURE_AUTORELEASING = YES;
				CLANG_WARN_BOOL_CONVERSION = YES;
				CLANG_WARN_COMMA = YES;
				CLANG_WARN_CONSTANT_CONVERSION = YES;
				CLANG_WARN_DEPRECATED_OBJC_IMPLEMENTATIONS = YES;
				CLANG_WARN_DIRECT_OBJC_ISA_USAGE = YES_ERROR;
				CLANG_WARN_DOCUMENTATION_COMMENTS = YES;
				CLANG_WARN_EMPTY_BODY = YES;
				CLANG_WARN_ENUM_CONVERSION = YES;
				CLANG_WARN_INFINITE_RECURSION = YES;
				CLANG_WARN_INT_CONVERSION = YES;
				CLANG_WARN_NON_LITERAL_NULL_CONVERSION = YES;
				CLANG_WARN_OBJC_IMPLICIT_RETAIN_SELF = YES;
				CLANG_WARN_OBJC_LITERAL_CONVERSION = YES;
				CLANG_WARN_OBJC_ROOT_CLASS = YES_ERROR;
				CLANG_WARN_QUOTED_INCLUDE_IN_FRAMEWORK_HEADER = YES;
				CLANG_WARN_RANGE_LOOP_ANALYSIS = YES;
				CLANG_WARN_STRICT_PROTOTYPES = YES;
				CLANG_WARN_SUSPICIOUS_MOVE = YES;
				CLANG_WARN_UNGUARDED_AVAILABILITY = YES_AGGRESSIVE;
				CLANG_WARN_UNREACHABLE_CODE = YES;
				CLANG_WARN__DUPLICATE_METHOD_MATCH = YES;
				COPY_PHASE_STRIP = NO;
				DEBUG_INFORMATION_FORMAT = "dwarf-with-dsym";
				ENABLE_NS_ASSERTIONS = NO;
				ENABLE_STRICT_OBJC_MSGSEND = YES;
				ENABLE_USER_SCRIPT_SANDBOXING = YES;
				GCC_C_LANGUAGE_STANDARD = gnu17;
				GCC_NO_COMMON_BLOCKS = YES;
				GCC_WARN_64_TO_32_BIT_CONVERSION = YES;
				GCC_WARN_ABOUT_RETURN_TYPE = YES_ERROR;
				GCC_WARN_UNDECLARED_SELECTOR = YES;
				GCC_WARN_UNINITIALIZED_AUTOS = YES_AGGRESSIVE;
				GCC_WARN_UNUSED_FUNCTION = YES;
				GCC_WARN_UNUSED_VARIABLE = YES;
				IPHONEOS_DEPLOYMENT_TARGET = 18.2;
				LOCALIZATION_PREFERS_STRING_CATALOGS = YES;
				MTL_ENABLE_DEBUG_INFO = NO;
				MTL_FAST_MATH = YES;
				SDKROOT = iphoneos;
				SWIFT_COMPILATION_MODE = wholemodule;
				VALIDATE_PRODUCT = YES;
			};
			name = Release;
		};
		5CCEABB72EDD765A00EFE671 /* Debug */ = {
			isa = XCBuildConfiguration;
			buildSettings = {
				ASSETCATALOG_COMPILER_APPICON_NAME = AppIcon;
				ASSETCATALOG_COMPILER_GLOBAL_ACCENT_COLOR_NAME = AccentColor;
				CODE_SIGN_STYLE = Automatic;
				CURRENT_PROJECT_VERSION = 1;
				DEVELOPMENT_ASSET_PATHS = "\"Zhananfenxi/Preview Content\"";
				DEVELOPMENT_TEAM = 2YDM3D8P4J;
				ENABLE_PREVIEWS = YES;
				GENERATE_INFOPLIST_FILE = YES;
				INFOPLIST_KEY_NSPhotoLibraryUsageDescription = "需要访问您的相册以上传聊天截图";
				INFOPLIST_KEY_UIApplicationSceneManifest_Generation = YES;
				INFOPLIST_KEY_UIApplicationSupportsIndirectInputEvents = YES;
				INFOPLIST_KEY_UILaunchScreen_Generation = YES;
				INFOPLIST_KEY_UISupportedInterfaceOrientations_iPad = "UIInterfaceOrientationPortrait UIInterfaceOrientationPortraitUpsideDown UIInterfaceOrientationLandscapeLeft UIInterfaceOrientationLandscapeRight";
				INFOPLIST_KEY_UISupportedInterfaceOrientations_iPhone = "UIInterfaceOrientationPortrait UIInterfaceOrientationLandscapeLeft UIInterfaceOrientationLandscapeRight";
				LD_RUNPATH_SEARCH_PATHS = (
					"$(inherited)",
					"@executable_path/Frameworks",
				);
				MARKETING_VERSION = 1.0;
				PRODUCT_BUNDLE_IDENTIFIER = "Dream-making.Zhananfenxi";
				PRODUCT_NAME = "$(TARGET_NAME)";
				SWIFT_EMIT_LOC_STRINGS = YES;
				SWIFT_VERSION = 5.0;
				TARGETED_DEVICE_FAMILY = "1,2";
			};
			name = Debug;
		};
		5CCEABB82EDD765A00EFE671 /* Release */ = {
			isa = XCBuildConfiguration;
			buildSettings = {
				ASSETCATALOG_COMPILER_APPICON_NAME = AppIcon;
				ASSETCATALOG_COMPILER_GLOBAL_ACCENT_COLOR_NAME = AccentColor;
				CODE_SIGN_STYLE = Automatic;
				CURRENT_PROJECT_VERSION = 1;
				DEVELOPMENT_ASSET_PATHS = "\"Zhananfenxi/Preview Content\"";
				DEVELOPMENT_TEAM = 2YDM3D8P4J;
				ENABLE_PREVIEWS = YES;
				GENERATE_INFOPLIST_FILE = YES;
				INFOPLIST_KEY_NSPhotoLibraryUsageDescription = "需要访问您的相册以上传聊天截图";
				INFOPLIST_KEY_UIApplicationSceneManifest_Generation = YES;
				INFOPLIST_KEY_UIApplicationSupportsIndirectInputEvents = YES;
				INFOPLIST_KEY_UILaunchScreen_Generation = YES;
				INFOPLIST_KEY_UISupportedInterfaceOrientations_iPad = "UIInterfaceOrientationPortrait UIInterfaceOrientationPortraitUpsideDown UIInterfaceOrientationLandscapeLeft UIInterfaceOrientationLandscapeRight";
				INFOPLIST_KEY_UISupportedInterfaceOrientations_iPhone = "UIInterfaceOrientationPortrait UIInterfaceOrientationLandscapeLeft UIInterfaceOrientationLandscapeRight";
				LD_RUNPATH_SEARCH_PATHS = (
					"$(inherited)",
					"@executable_path/Frameworks",
				);
				MARKETING_VERSION = 1.0;
				PRODUCT_BUNDLE_IDENTIFIER = "Dream-making.Zhananfenxi";
				PRODUCT_NAME = "$(TARGET_NAME)";
				SWIFT_EMIT_LOC_STRINGS = YES;
				SWIFT_VERSION = 5.0;
				TARGETED_DEVICE_FAMILY = "1,2";
			};
			name = Release;
		};
		5CCEABBA2EDD765A00EFE671 /* Debug */ = {
			isa = XCBuildConfiguration;
			buildSettings = {
				BUNDLE_LOADER = "$(TEST_HOST)";
				CODE_SIGN_STYLE = Automatic;
				CURRENT_PROJECT_VERSION = 1;
				DEVELOPMENT_TEAM = 2YDM3D8P4J;
				GENERATE_INFOPLIST_FILE = YES;
				IPHONEOS_DEPLOYMENT_TARGET = 18.2;
				MARKETING_VERSION = 1.0;
				PRODUCT_BUNDLE_IDENTIFIER = "Dream-making.ZhananfenxiTests";
				PRODUCT_NAME = "$(TARGET_NAME)";
				SWIFT_EMIT_LOC_STRINGS = NO;
				SWIFT_VERSION = 5.0;
				TARGETED_DEVICE_FAMILY = "1,2";
				TEST_HOST = "$(BUILT_PRODUCTS_DIR)/LoveStrategy.app/$(BUNDLE_EXECUTABLE_FOLDER_PATH)/LoveStrategy";
			};
			name = Debug;
		};
		5CCEABBB2EDD765A00EFE671 /* Release */ = {
			isa = XCBuildConfiguration;
			buildSettings = {
				BUNDLE_LOADER = "$(TEST_HOST)";
				CODE_SIGN_STYLE = Automatic;
				CURRENT_PROJECT_VERSION = 1;
				DEVELOPMENT_TEAM = 2YDM3D8P4J;
				GENERATE_INFOPLIST_FILE = YES;
				IPHONEOS_DEPLOYMENT_TARGET = 18.2;
				MARKETING_VERSION = 1.0;
				PRODUCT_BUNDLE_IDENTIFIER = "Dream-making.ZhananfenxiTests";
				PRODUCT_NAME = "$(TARGET_NAME)";
				SWIFT_EMIT_LOC_STRINGS = NO;
				SWIFT_VERSION = 5.0;
				TARGETED_DEVICE_FAMILY = "1,2";
				TEST_HOST = "$(BUILT_PRODUCTS_DIR)/LoveStrategy.app/$(BUNDLE_EXECUTABLE_FOLDER_PATH)/LoveStrategy";
			};
			name = Release;
		};
		5CCEABBD2EDD765A00EFE671 /* Debug */ = {
			isa = XCBuildConfiguration;
			buildSettings = {
				CODE_SIGN_STYLE = Automatic;
				CURRENT_PROJECT_VERSION = 1;
				DEVELOPMENT_TEAM = 2YDM3D8P4J;
				GENERATE_INFOPLIST_FILE = YES;
				MARKETING_VERSION = 1.0;
				PRODUCT_BUNDLE_IDENTIFIER = "Dream-making.ZhananfenxiUITests";
				PRODUCT_NAME = "$(TARGET_NAME)";
				SWIFT_EMIT_LOC_STRINGS = NO;
				SWIFT_VERSION = 5.0;
				TARGETED_DEVICE_FAMILY = "1,2";
				TEST_TARGET_NAME = Zhananfenxi;
			};
			name = Debug;
		};
		5CCEABBE2EDD765A00EFE671 /* Release */ = {
			isa = XCBuildConfiguration;
			buildSettings = {
				CODE_SIGN_STYLE = Automatic;
				CURRENT_PROJECT_VERSION = 1;
				DEVELOPMENT_TEAM = 2YDM3D8P4J;
				GENERATE_INFOPLIST_FILE = YES;
				MARKETING_VERSION = 1.0;
				PRODUCT_BUNDLE_IDENTIFIER = "Dream-making.ZhananfenxiUITests";
				PRODUCT_NAME = "$(TARGET_NAME)";
				SWIFT_EMIT_LOC_STRINGS = NO;
				SWIFT_VERSION = 5.0;
				TARGETED_DEVICE_FAMILY = "1,2";
				TEST_TARGET_NAME = Zhananfenxi;
			};
			name = Release;
		};
/* End XCBuildConfiguration section */

/* Begin XCConfigurationList section */
		5CCEAB8D2EDD765800EFE671 /* Build configuration list for PBXProject "LoveStrategy" */ = {
			isa = XCConfigurationList;
			buildConfigurations = (
				5CCEABB42EDD765A00EFE671 /* Debug */,
				5CCEABB52EDD765A00EFE671 /* Release */,
			);
			defaultConfigurationIsVisible = 0;
			defaultConfigurationName = Release;
		};
		5CCEABB62EDD765A00EFE671 /* Build configuration list for PBXNativeTarget "LoveStrategy" */ = {
			isa = XCConfigurationList;
			buildConfigurations = (
				5CCEABB72EDD765A00EFE671 /* Debug */,
				5CCEABB82EDD765A00EFE671 /* Release */,
			);
			defaultConfigurationIsVisible = 0;
			defaultConfigurationName = Release;
		};
		5CCEABB92EDD765A00EFE671 /* Build configuration list for PBXNativeTarget "LoveStrategyTests" */ = {
			isa = XCConfigurationList;
			buildConfigurations = (
				5CCEABBA2EDD765A00EFE671 /* Debug */,
				5CCEABBB2EDD765A00EFE671 /* Release */,
			);
			defaultConfigurationIsVisible = 0;
			defaultConfigurationName = Release;
		};
		5CCEABBC2EDD765A00EFE671 /* Build configuration list for PBXNativeTarget "LoveStrategyUITests" */ = {
			isa = XCConfigurationList;
			buildConfigurations = (
				5CCEABBD2EDD765A00EFE671 /* Debug */,
				5CCEABBE2EDD765A00EFE671 /* Release */,
			);
			defaultConfigurationIsVisible = 0;
			defaultConfigurationName = Release;
		};
/* End XCConfigurationList section */
	};
	rootObject = 5CCEAB8A2EDD765800EFE671 /* Project object */;
}
